
Microsoft Visual Studio Solution File, Format Version 12.00
# Visual Studio Version 16
VisualStudioVersion = 16.0.29102.190
MinimumVisualStudioVersion = 10.0.40219.1
Project("{FAE04EC0-301F-11D3-BF4B-00C04F79EFBC}") = "HBSApi", "HBSApi\HBSApi.csproj", "{9E6C1516-844F-46D2-A58F-47C6D6F8227B}"
EndProject
Global
	GlobalSection(SolutionConfigurationPlatforms) = preSolution
		Debug|Any CPU = Debug|Any CPU
		Release|Any CPU = Release|Any CPU
	EndGlobalSection
	GlobalSection(ProjectConfigurationPlatforms) = postSolution
		{9E6C1516-844F-46D2-A58F-47C6D6F8227B}.Debug|Any CPU.ActiveCfg = Debug|Any CPU
		{9E6C1516-844F-46D2-A58F-47C6D6F8227B}.Debug|Any CPU.Build.0 = Debug|Any CPU
		{9E6C1516-844F-46D2-A58F-47C6D6F8227B}.Release|Any CPU.ActiveCfg = Release|Any CPU
		{9E6C1516-844F-46D2-A58F-47C6D6F8227B}.Release|Any CPU.Build.0 = Release|Any CPU
	EndGlobalSection
	GlobalSection(SolutionProperties) = preSolution
		HideSolutionNode = FALSE
	EndGlobalSection
	GlobalSection(ExtensibilityGlobals) = postSolution
		SolutionGuid = {BB4D923A-7673-40CB-A8D5-378A2C18C483}
	EndGlobalSection
EndGlobal
